
Microsoft Visual Studio Solution File, Format Version 12.00
# Visual Studio Version 16
VisualStudioVersion = 16.0.810.11
MinimumVisualStudioVersion = 10.0.40219.1
Project("{FAE04EC0-301F-11D3-BF4B-00C04F79EFBC}") = "Zephyr.Directory.Ldap", "Zephyr.Directory.Ldap\Zephyr.Directory.Ldap.csproj", "{9D640E83-14C1-4A96-B8D0-F6486E758547}"
EndProject
Project("{FAE04EC0-301F-11D3-BF4B-00C04F79EFBC}") = "Zephyr.Directory.Test", "Zephyr.Directory.Test\Zephyr.Directory.Test.csproj", "{E69D30D9-08C5-4FE6-B546-A2D9D9CC7FDE}"
EndProject
Project("{FAE04EC0-301F-11D3-BF4B-00C04F79EFBC}") = "Zephyr.Directory.Aws", "Zephyr.Directory.Aws\Zephyr.Directory.Aws.csproj", "{DF5910E0-5F18-4AD7-9F1F-AC716D5C8E82}"
EndProject
Project("{FAE04EC0-301F-11D3-BF4B-00C04F79EFBC}") = "Zephyr.Crypto", "Zephyr.Crypto\Zephyr.Crypto.csproj", "{DD757554-251C-4950-9C60-095E18D95BE8}"
EndProject
Project("{FAE04EC0-301F-11D3-BF4B-00C04F79EFBC}") = "Zephyr.Crypto.Test", "Zephyr.Crypto.Test\Zephyr.Crypto.Test.csproj", "{E285108C-30B7-47E9-A3E1-D49219F5BE7A}"
EndProject
Project("{FAE04EC0-301F-11D3-BF4B-00C04F79EFBC}") = "Zephyr.Version", "Zephyr.Version\Zephyr.Version.csproj", "{F5141E0D-09EE-4D81-A350-3AACDA87158B}"
EndProject
Global
	GlobalSection(SolutionConfigurationPlatforms) = preSolution
		Debug|Any CPU = Debug|Any CPU
		Release|Any CPU = Release|Any CPU
	EndGlobalSection
	GlobalSection(ProjectConfigurationPlatforms) = postSolution
		{9D640E83-14C1-4A96-B8D0-F6486E758547}.Debug|Any CPU.ActiveCfg = Debug|Any CPU
		{9D640E83-14C1-4A96-B8D0-F6486E758547}.Debug|Any CPU.Build.0 = Debug|Any CPU
		{9D640E83-14C1-4A96-B8D0-F6486E758547}.Release|Any CPU.ActiveCfg = Release|Any CPU
		{9D640E83-14C1-4A96-B8D0-F6486E758547}.Release|Any CPU.Build.0 = Release|Any CPU
		{E69D30D9-08C5-4FE6-B546-A2D9D9CC7FDE}.Debug|Any CPU.ActiveCfg = Debug|Any CPU
		{E69D30D9-08C5-4FE6-B546-A2D9D9CC7FDE}.Debug|Any CPU.Build.0 = Debug|Any CPU
		{E69D30D9-08C5-4FE6-B546-A2D9D9CC7FDE}.Release|Any CPU.ActiveCfg = Release|Any CPU
		{E69D30D9-08C5-4FE6-B546-A2D9D9CC7FDE}.Release|Any CPU.Build.0 = Release|Any CPU
		{DF5910E0-5F18-4AD7-9F1F-AC716D5C8E82}.Debug|Any CPU.ActiveCfg = Debug|Any CPU
		{DF5910E0-5F18-4AD7-9F1F-AC716D5C8E82}.Debug|Any CPU.Build.0 = Debug|Any CPU
		{DF5910E0-5F18-4AD7-9F1F-AC716D5C8E82}.Release|Any CPU.ActiveCfg = Release|Any CPU
		{DF5910E0-5F18-4AD7-9F1F-AC716D5C8E82}.Release|Any CPU.Build.0 = Release|Any CPU
		{DD757554-251C-4950-9C60-095E18D95BE8}.Debug|Any CPU.ActiveCfg = Debug|Any CPU
		{DD757554-251C-4950-9C60-095E18D95BE8}.Debug|Any CPU.Build.0 = Debug|Any CPU
		{DD757554-251C-4950-9C60-095E18D95BE8}.Release|Any CPU.ActiveCfg = Release|Any CPU
		{DD757554-251C-4950-9C60-095E18D95BE8}.Release|Any CPU.Build.0 = Release|Any CPU
		{E285108C-30B7-47E9-A3E1-D49219F5BE7A}.Debug|Any CPU.ActiveCfg = Debug|Any CPU
		{E285108C-30B7-47E9-A3E1-D49219F5BE7A}.Debug|Any CPU.Build.0 = Debug|Any CPU
		{E285108C-30B7-47E9-A3E1-D49219F5BE7A}.Release|Any CPU.ActiveCfg = Release|Any CPU
		{E285108C-30B7-47E9-A3E1-D49219F5BE7A}.Release|Any CPU.Build.0 = Release|Any CPU
		{F5141E0D-09EE-4D81-A350-3AACDA87158B}.Debug|Any CPU.ActiveCfg = Debug|Any CPU
		{F5141E0D-09EE-4D81-A350-3AACDA87158B}.Debug|Any CPU.Build.0 = Debug|Any CPU
		{F5141E0D-09EE-4D81-A350-3AACDA87158B}.Release|Any CPU.ActiveCfg = Release|Any CPU
		{F5141E0D-09EE-4D81-A350-3AACDA87158B}.Release|Any CPU.Build.0 = Release|Any CPU
	EndGlobalSection
	GlobalSection(SolutionProperties) = preSolution
		HideSolutionNode = FALSE
	EndGlobalSection
	GlobalSection(ExtensibilityGlobals) = postSolution
		SolutionGuid = {16809514-36C8-4487-9699-612EAFA02F0E}
	EndGlobalSection
EndGlobal
